// !$*UTF8*$!
{
	archiveVersion = 1;
	classes = {
	};
	objectVersion = 50;
	objects = {

/* Begin PBXBuildFile section */
		BF27B66422A4F22900615ADC /* GrabCut.mm in Sources */ = {isa = PBXBuildFile; fileRef = BF27B66322A4F22900615ADC /* GrabCut.mm */; };
		BF27B67D22AA961500615ADC /* libopencv_core.4.1.0.dylib in Frameworks */ = {isa = PBXBuildFile; fileRef = BF27B67C22AA961500615ADC /* libopencv_core.4.1.0.dylib */; };
		BF27B67F22AA963B00615ADC /* libopencv_highgui.4.1.0.dylib in Frameworks */ = {isa = PBXBuildFile; fileRef = BF27B67E22AA963B00615ADC /* libopencv_highgui.4.1.0.dylib */; };
		BF27B68122AA965900615ADC /* libopencv_imgcodecs.dylib in Frameworks */ = {isa = PBXBuildFile; fileRef = BF27B68022AA965900615ADC /* libopencv_imgcodecs.dylib */; };
		BF27B68322AA966200615ADC /* libopencv_imgproc.4.1.0.dylib in Frameworks */ = {isa = PBXBuildFile; fileRef = BF27B68222AA966200615ADC /* libopencv_imgproc.4.1.0.dylib */; };
		BF8350AD22A12AB600260A9C /* main.swift in Sources */ = {isa = PBXBuildFile; fileRef = BF8350AC22A12AB600260A9C /* main.swift */; };
/* End PBXBuildFile section */

/* Begin PBXCopyFilesBuildPhase section */
		BF8350A722A12AB600260A9C /* CopyFiles */ = {
			isa = PBXCopyFilesBuildPhase;
			buildActionMask = 2147483647;
			dstPath = /usr/share/man/man1/;
			dstSubfolderSpec = 0;
			files = (
			);
			runOnlyForDeploymentPostprocessing = 1;
		};
/* End PBXCopyFilesBuildPhase section */

/* Begin PBXFileReference section */
		BF27B66322A4F22900615ADC /* GrabCut.mm */ = {isa = PBXFileReference; lastKnownFileType = sourcecode.cpp.objcpp; path = GrabCut.mm; sourceTree = "<group>"; };
		BF27B66522A4F23700615ADC /* GrabCut.h */ = {isa = PBXFileReference; lastKnownFileType = sourcecode.c.h; path = GrabCut.h; sourceTree = "<group>"; };
		BF27B67C22AA961500615ADC /* libopencv_core.4.1.0.dylib */ = {isa = PBXFileReference; lastKnownFileType = "compiled.mach-o.dylib"; path = libopencv_core.4.1.0.dylib; sourceTree = "<group>"; };
		BF27B67E22AA963B00615ADC /* libopencv_highgui.4.1.0.dylib */ = {isa = PBXFileReference; lastKnownFileType = "compiled.mach-o.dylib"; path = libopencv_highgui.4.1.0.dylib; sourceTree = "<group>"; };
		BF27B68022AA965900615ADC /* libopencv_imgcodecs.dylib */ = {isa = PBXFileReference; lastKnownFileType = "compiled.mach-o.dylib"; path = libopencv_imgcodecs.dylib; sourceTree = "<group>"; };
		BF27B68222AA966200615ADC /* libopencv_imgproc.4.1.0.dylib */ = {isa = PBXFileReference; lastKnownFileType = "compiled.mach-o.dylib"; path = libopencv_imgproc.4.1.0.dylib; sourceTree = "<group>"; };
		BF8350A922A12AB600260A9C /* bridge */ = {isa = PBXFileReference; explicitFileType = "compiled.mach-o.executable"; includeInIndex = 0; path = bridge; sourceTree = BUILT_PRODUCTS_DIR; };
		BF8350AC22A12AB600260A9C /* main.swift */ = {isa = PBXFileReference; lastKnownFileType = sourcecode.swift; path = main.swift; sourceTree = "<group>"; };
/* End PBXFileReference section */

/* Begin PBXFrameworksBuildPhase section */
		BF8350A622A12AB600260A9C /* Frameworks */ = {
			isa = PBXFrameworksBuildPhase;
			buildActionMask = 2147483647;
			files = (
				BF27B68322AA966200615ADC /* libopencv_imgproc.4.1.0.dylib in Frameworks */,
				BF27B67F22AA963B00615ADC /* libopencv_highgui.4.1.0.dylib in Frameworks */,
				BF27B68122AA965900615ADC /* libopencv_imgcodecs.dylib in Frameworks */,
				BF27B67D22AA961500615ADC /* libopencv_core.4.1.0.dylib in Frameworks */,
			);
			runOnlyForDeploymentPostprocessing = 0;
		};
/* End PBXFrameworksBuildPhase section */

/* Begin PBXGroup section */
		BF8350A022A12AB600260A9C = {
			isa = PBXGroup;
			children = (
				BF27B67C22AA961500615ADC /* libopencv_core.4.1.0.dylib */,
				BF27B67E22AA963B00615ADC /* libopencv_highgui.4.1.0.dylib */,
				BF27B68022AA965900615ADC /* libopencv_imgcodecs.dylib */,
				BF27B68222AA966200615ADC /* libopencv_imgproc.4.1.0.dylib */,
				BF8350AB22A12AB600260A9C /* bridge */,
				BF8350AA22A12AB600260A9C /* Products */,
			);
			sourceTree = "<group>";
		};
		BF8350AA22A12AB600260A9C /* Products */ = {
			isa = PBXGroup;
			children = (
				BF8350A922A12AB600260A9C /* bridge */,
			);
			name = Products;
			sourceTree = "<group>";
		};
		BF8350AB22A12AB600260A9C /* bridge */ = {
			isa = PBXGroup;
			children = (
				BF8350AC22A12AB600260A9C /* main.swift */,
				BF27B66322A4F22900615ADC /* GrabCut.mm */,
				BF27B66522A4F23700615ADC /* GrabCut.h */,
			);
			path = bridge;
			sourceTree = "<group>";
		};
/* End PBXGroup section */

/* Begin PBXNativeTarget section */
		BF8350A822A12AB600260A9C /* bridge */ = {
			isa = PBXNativeTarget;
			buildConfigurationList = BF8350B022A12AB600260A9C /* Build configuration list for PBXNativeTarget "bridge" */;
			buildPhases = (
				BF8350A522A12AB600260A9C /* Sources */,
				BF8350A622A12AB600260A9C /* Frameworks */,
				BF8350A722A12AB600260A9C /* CopyFiles */,
			);
			buildRules = (
			);
			dependencies = (
			);
			name = bridge;
			productName = bridge;
			productReference = BF8350A922A12AB600260A9C /* bridge */;
			productType = "com.apple.product-type.tool";
		};
/* End PBXNativeTarget section */

/* Begin PBXProject section */
		BF8350A122A12AB600260A9C /* Project object */ = {
			isa = PBXProject;
			attributes = {
				LastSwiftUpdateCheck = 1020;
				LastUpgradeCheck = 1020;
				ORGANIZATIONNAME = Vincent;
				TargetAttributes = {
					BF8350A822A12AB600260A9C = {
						CreatedOnToolsVersion = 10.2.1;
						LastSwiftMigration = 1020;
					};
				};
			};
			buildConfigurationList = BF8350A422A12AB600260A9C /* Build configuration list for PBXProject "bridge" */;
			compatibilityVersion = "Xcode 9.3";
			developmentRegion = en;
			hasScannedForEncodings = 0;
			knownRegions = (
				en,
			);
			mainGroup = BF8350A022A12AB600260A9C;
			productRefGroup = BF8350AA22A12AB600260A9C /* Products */;
			projectDirPath = "";
			projectRoot = "";
			targets = (
				BF8350A822A12AB600260A9C /* bridge */,
			);
		};
/* End PBXProject section */

/* Begin PBXSourcesBuildPhase section */
		BF8350A522A12AB600260A9C /* Sources */ = {
			isa = PBXSourcesBuildPhase;
			buildActionMask = 2147483647;
			files = (
				BF27B66422A4F22900615ADC /* GrabCut.mm in Sources */,
				BF8350AD22A12AB600260A9C /* main.swift in Sources */,
			);
			runOnlyForDeploymentPostprocessing = 0;
		};
/* End PBXSourcesBuildPhase section */

/* Begin XCBuildConfiguration section */
		BF8350AE22A12AB600260A9C /* Debug */ = {
			isa = XCBuildConfiguration;
			buildSettings = {
				ALWAYS_SEARCH_USER_PATHS = NO;
				CLANG_ANALYZER_NONNULL = YES;
				CLANG_ANALYZER_NUMBER_OBJECT_CONVERSION = YES_AGGRESSIVE;
				CLANG_CXX_LANGUAGE_STANDARD = "gnu++14";
				CLANG_CXX_LIBRARY = "libc++";
				CLANG_ENABLE_MODULES = YES;
				CLANG_ENABLE_OBJC_ARC = YES;
				CLANG_ENABLE_OBJC_WEAK = YES;
				CLANG_WARN_BLOCK_CAPTURE_AUTORELEASING = YES;
				CLANG_WARN_BOOL_CONVERSION = YES;
				CLANG_WARN_COMMA = YES;
				CLANG_WARN_CONSTANT_CONVERSION = YES;
				CLANG_WARN_DEPRECATED_OBJC_IMPLEMENTATIONS = YES;
				CLANG_WARN_DIRECT_OBJC_ISA_USAGE = YES_ERROR;
				CLANG_WARN_DOCUMENTATION_COMMENTS = YES;
				CLANG_WARN_EMPTY_BODY = YES;
				CLANG_WARN_ENUM_CONVERSION = YES;
				CLANG_WARN_INFINITE_RECURSION = YES;
				CLANG_WARN_INT_CONVERSION = YES;
				CLANG_WARN_NON_LITERAL_NULL_CONVERSION = YES;
				CLANG_WARN_OBJC_IMPLICIT_RETAIN_SELF = YES;
				CLANG_WARN_OBJC_LITERAL_CONVERSION = YES;
				CLANG_WARN_OBJC_ROOT_CLASS = YES_ERROR;
				CLANG_WARN_RANGE_LOOP_ANALYSIS = YES;
				CLANG_WARN_STRICT_PROTOTYPES = YES;
				CLANG_WARN_SUSPICIOUS_MOVE = YES;
				CLANG_WARN_UNGUARDED_AVAILABILITY = YES_AGGRESSIVE;
				CLANG_WARN_UNREACHABLE_CODE = YES;
				CLANG_WARN__DUPLICATE_METHOD_MATCH = YES;
				CODE_SIGN_IDENTITY = "Mac Developer";
				COPY_PHASE_STRIP = NO;
				DEBUG_INFORMATION_FORMAT = dwarf;
				ENABLE_STRICT_OBJC_MSGSEND = YES;
				ENABLE_TESTABILITY = YES;
				GCC_C_LANGUAGE_STANDARD = gnu11;
				GCC_DYNAMIC_NO_PIC = NO;
				GCC_NO_COMMON_BLOCKS = YES;
				GCC_OPTIMIZATION_LEVEL = 0;
				GCC_PREPROCESSOR_DEFINITIONS = (
					"DEBUG=1",
					"$(inherited)",
				);
				GCC_WARN_64_TO_32_BIT_CONVERSION = YES;
				GCC_WARN_ABOUT_RETURN_TYPE = YES_ERROR;
				GCC_WARN_UNDECLARED_SELECTOR = YES;
				GCC_WARN_UNINITIALIZED_AUTOS = YES_AGGRESSIVE;
				GCC_WARN_UNUSED_FUNCTION = YES;
				GCC_WARN_UNUSED_VARIABLE = YES;
				MACOSX_DEPLOYMENT_TARGET = 10.14;
				MTL_ENABLE_DEBUG_INFO = INCLUDE_SOURCE;
				MTL_FAST_MATH = YES;
				ONLY_ACTIVE_ARCH = YES;
				SDKROOT = macosx;
				SWIFT_ACTIVE_COMPILATION_CONDITIONS = DEBUG;
				SWIFT_OPTIMIZATION_LEVEL = "-Onone";
			};
			name = Debug;
		};
		BF8350AF22A12AB600260A9C /* Release */ = {
			isa = XCBuildConfiguration;
			buildSettings = {
				ALWAYS_SEARCH_USER_PATHS = NO;
				CLANG_ANALYZER_NONNULL = YES;
				CLANG_ANALYZER_NUMBER_OBJECT_CONVERSION = YES_AGGRESSIVE;
				CLANG_CXX_LANGUAGE_STANDARD = "gnu++14";
				CLANG_CXX_LIBRARY = "libc++";
				CLANG_ENABLE_MODULES = YES;
				CLANG_ENABLE_OBJC_ARC = YES;
				CLANG_ENABLE_OBJC_WEAK = YES;
				CLANG_WARN_BLOCK_CAPTURE_AUTORELEASING = YES;
				CLANG_WARN_BOOL_CONVERSION = YES;
				CLANG_WARN_COMMA = YES;
				CLANG_WARN_CONSTANT_CONVERSION = YES;
				CLANG_WARN_DEPRECATED_OBJC_IMPLEMENTATIONS = YES;
				CLANG_WARN_DIRECT_OBJC_ISA_USAGE = YES_ERROR;
				CLANG_WARN_DOCUMENTATION_COMMENTS = YES;
				CLANG_WARN_EMPTY_BODY = YES;
				CLANG_WARN_ENUM_CONVERSION = YES;
				CLANG_WARN_INFINITE_RECURSION = YES;
				CLANG_WARN_INT_CONVERSION = YES;
				CLANG_WARN_NON_LITERAL_NULL_CONVERSION = YES;
				CLANG_WARN_OBJC_IMPLICIT_RETAIN_SELF = YES;
				CLANG_WARN_OBJC_LITERAL_CONVERSION = YES;
				CLANG_WARN_OBJC_ROOT_CLASS = YES_ERROR;
				CLANG_WARN_RANGE_LOOP_ANALYSIS = YES;
				CLANG_WARN_STRICT_PROTOTYPES = YES;
				CLANG_WARN_SUSPICIOUS_MOVE = YES;
				CLANG_WARN_UNGUARDED_AVAILABILITY = YES_AGGRESSIVE;
				CLANG_WARN_UNREACHABLE_CODE = YES;
				CLANG_WARN__DUPLICATE_METHOD_MATCH = YES;
				CODE_SIGN_IDENTITY = "Mac Developer";
				COPY_PHASE_STRIP = NO;
				DEBUG_INFORMATION_FORMAT = "dwarf-with-dsym";
				ENABLE_NS_ASSERTIONS = NO;
				ENABLE_STRICT_OBJC_MSGSEND = YES;
				GCC_C_LANGUAGE_STANDARD = gnu11;
				GCC_NO_COMMON_BLOCKS = YES;
				GCC_WARN_64_TO_32_BIT_CONVERSION = YES;
				GCC_WARN_ABOUT_RETURN_TYPE = YES_ERROR;
				GCC_WARN_UNDECLARED_SELECTOR = YES;
				GCC_WARN_UNINITIALIZED_AUTOS = YES_AGGRESSIVE;
				GCC_WARN_UNUSED_FUNCTION = YES;
				GCC_WARN_UNUSED_VARIABLE = YES;
				MACOSX_DEPLOYMENT_TARGET = 10.14;
				MTL_ENABLE_DEBUG_INFO = NO;
				MTL_FAST_MATH = YES;
				SDKROOT = macosx;
				SWIFT_COMPILATION_MODE = wholemodule;
				SWIFT_OPTIMIZATION_LEVEL = "-O";
			};
			name = Release;
		};
		BF8350B122A12AB600260A9C /* Debug */ = {
			isa = XCBuildConfiguration;
			buildSettings = {
				CLANG_ENABLE_MODULES = YES;
				CODE_SIGN_STYLE = Automatic;
				DEVELOPMENT_TEAM = P6S89B4DCZ;
				HEADER_SEARCH_PATHS = /usr/local/Cellar/opencv/4.1.0_2/include/opencv4/;
				LD_RUNPATH_SEARCH_PATHS = (
					"$(inherited)",
					"@executable_path/../Frameworks",
					"@loader_path/../Frameworks",
				);
				LIBRARY_SEARCH_PATHS = (
					"$(inherited)",
					"$(PROJECT_DIR)",
					/usr/local/Cellar/opencv/4.1.0_2/lib,
				);
				PRODUCT_NAME = "$(TARGET_NAME)";
				SWIFT_OBJC_BRIDGING_HEADER = bridge/GrabCut.h;
				SWIFT_OPTIMIZATION_LEVEL = "-Onone";
				SWIFT_VERSION = 5.0;
			};
			name = Debug;
		};
		BF8350B222A12AB600260A9C /* Release */ = {
			isa = XCBuildConfiguration;
			buildSettings = {
				CLANG_ENABLE_MODULES = YES;
				CODE_SIGN_STYLE = Automatic;
				DEVELOPMENT_TEAM = P6S89B4DCZ;
				HEADER_SEARCH_PATHS = /usr/local/Cellar/opencv/4.1.0_2/include/opencv4/;
				LD_RUNPATH_SEARCH_PATHS = (
					"$(inherited)",
					"@executable_path/../Frameworks",
					"@loader_path/../Frameworks",
				);
				LIBRARY_SEARCH_PATHS = (
					"$(inherited)",
					"$(PROJECT_DIR)",
					/usr/local/Cellar/opencv/4.1.0_2/lib,
				);
				PRODUCT_NAME = "$(TARGET_NAME)";
				SWIFT_OBJC_BRIDGING_HEADER = bridge/GrabCut.h;
				SWIFT_VERSION = 5.0;
			};
			name = Release;
		};
/* End XCBuildConfiguration section */

/* Begin XCConfigurationList section */
		BF8350A422A12AB600260A9C /* Build configuration list for PBXProject "bridge" */ = {
			isa = XCConfigurationList;
			buildConfigurations = (
				BF8350AE22A12AB600260A9C /* Debug */,
				BF8350AF22A12AB600260A9C /* Release */,
			);
			defaultConfigurationIsVisible = 0;
			defaultConfigurationName = Release;
		};
		BF8350B022A12AB600260A9C /* Build configuration list for PBXNativeTarget "bridge" */ = {
			isa = XCConfigurationList;
			buildConfigurations = (
				BF8350B122A12AB600260A9C /* Debug */,
				BF8350B222A12AB600260A9C /* Release */,
			);
			defaultConfigurationIsVisible = 0;
			defaultConfigurationName = Release;
		};
/* End XCConfigurationList section */
	};
	rootObject = BF8350A122A12AB600260A9C /* Project object */;
}
